
Microsoft Visual Studio Solution File, Format Version 12.00
# Visual Studio Version 16
VisualStudioVersion = 16.0.30128.74
MinimumVisualStudioVersion = 10.0.40219.1
Project("{FAE04EC0-301F-11D3-BF4B-00C04F79EFBC}") = "Demo.RPi", "Demo.RPi.csproj", "{3723540A-3CD7-4602-AF6B-0519F469FDD4}"
EndProject
Global
	GlobalSection(SolutionConfigurationPlatforms) = preSolution
		Debug|Any CPU = Debug|Any CPU
		Release|Any CPU = Release|Any CPU
	EndGlobalSection
	GlobalSection(ProjectConfigurationPlatforms) = postSolution
		{3723540A-3CD7-4602-AF6B-0519F469FDD4}.Debug|Any CPU.ActiveCfg = Debug|Any CPU
		{3723540A-3CD7-4602-AF6B-0519F469FDD4}.Debug|Any CPU.Build.0 = Debug|Any CPU
		{3723540A-3CD7-4602-AF6B-0519F469FDD4}.Release|Any CPU.ActiveCfg = Release|Any CPU
		{3723540A-3CD7-4602-AF6B-0519F469FDD4}.Release|Any CPU.Build.0 = Release|Any CPU
	EndGlobalSection
	GlobalSection(SolutionProperties) = preSolution
		HideSolutionNode = FALSE
	EndGlobalSection
	GlobalSection(ExtensibilityGlobals) = postSolution
		SolutionGuid = {F624592D-13E8-45DD-A042-FD0D520AD416}
	EndGlobalSection
EndGlobal
