
Microsoft Visual Studio Solution File, Format Version 12.00
# Visual Studio Version 16
VisualStudioVersion = 16.0.30011.22
MinimumVisualStudioVersion = 10.0.40219.1
Project("{9A19103F-16F7-4668-BE54-9A1E7A4F7556}") = "PnP.Core.DomainModelGenerator", "PnP.Core.DomainModelGenerator.csproj", "{14E7FB60-63E8-4D68-A794-036B44142D57}"
EndProject
Global
	GlobalSection(SolutionConfigurationPlatforms) = preSolution
		Debug|Any CPU = Debug|Any CPU
		Release|Any CPU = Release|Any CPU
	EndGlobalSection
	GlobalSection(ProjectConfigurationPlatforms) = postSolution
		{14E7FB60-63E8-4D68-A794-036B44142D57}.Debug|Any CPU.ActiveCfg = Debug|Any CPU
		{14E7FB60-63E8-4D68-A794-036B44142D57}.Debug|Any CPU.Build.0 = Debug|Any CPU
		{14E7FB60-63E8-4D68-A794-036B44142D57}.Release|Any CPU.ActiveCfg = Release|Any CPU
		{14E7FB60-63E8-4D68-A794-036B44142D57}.Release|Any CPU.Build.0 = Release|Any CPU
	EndGlobalSection
	GlobalSection(SolutionProperties) = preSolution
		HideSolutionNode = FALSE
	EndGlobalSection
	GlobalSection(ExtensibilityGlobals) = postSolution
		SolutionGuid = {B307F3D9-C8B4-472C-89D6-F3B4D05562AD}
	EndGlobalSection
EndGlobal
