
Microsoft Visual Studio Solution File, Format Version 12.00
# Visual Studio Version 17
VisualStudioVersion = 17.1.31911.260
MinimumVisualStudioVersion = 10.0.40219.1
Project("{FAE04EC0-301F-11D3-BF4B-00C04F79EFBC}") = "WebAppTestFunction", "WebAppTestFunction.csproj", "{80AC6010-800D-402B-855B-DBEB25650F2C}"
EndProject
Global
	GlobalSection(SolutionConfigurationPlatforms) = preSolution
		Debug|Any CPU = Debug|Any CPU
		Release|Any CPU = Release|Any CPU
	EndGlobalSection
	GlobalSection(ProjectConfigurationPlatforms) = postSolution
		{80AC6010-800D-402B-855B-DBEB25650F2C}.Debug|Any CPU.ActiveCfg = Debug|Any CPU
		{80AC6010-800D-402B-855B-DBEB25650F2C}.Debug|Any CPU.Build.0 = Debug|Any CPU
		{80AC6010-800D-402B-855B-DBEB25650F2C}.Release|Any CPU.ActiveCfg = Release|Any CPU
		{80AC6010-800D-402B-855B-DBEB25650F2C}.Release|Any CPU.Build.0 = Release|Any CPU
	EndGlobalSection
	GlobalSection(SolutionProperties) = preSolution
		HideSolutionNode = FALSE
	EndGlobalSection
	GlobalSection(ExtensibilityGlobals) = postSolution
		SolutionGuid = {E1833283-04EB-4AC5-9E46-844097D13CB5}
	EndGlobalSection
EndGlobal
