
Microsoft Visual Studio Solution File, Format Version 12.00
# Visual Studio Version 17
VisualStudioVersion = 17.1.31911.260
MinimumVisualStudioVersion = 10.0.40219.1
Project("{FAE04EC0-301F-11D3-BF4B-00C04F79EFBC}") = "Simple", "Simple.csproj", "{3EEA2424-DFE7-4D55-99C3-49FE5DB9EC2F}"
EndProject
Global
	GlobalSection(SolutionConfigurationPlatforms) = preSolution
		Debug|Any CPU = Debug|Any CPU
		Release|Any CPU = Release|Any CPU
	EndGlobalSection
	GlobalSection(ProjectConfigurationPlatforms) = postSolution
		{3EEA2424-DFE7-4D55-99C3-49FE5DB9EC2F}.Debug|Any CPU.ActiveCfg = Debug|Any CPU
		{3EEA2424-DFE7-4D55-99C3-49FE5DB9EC2F}.Debug|Any CPU.Build.0 = Debug|Any CPU
		{3EEA2424-DFE7-4D55-99C3-49FE5DB9EC2F}.Release|Any CPU.ActiveCfg = Release|Any CPU
		{3EEA2424-DFE7-4D55-99C3-49FE5DB9EC2F}.Release|Any CPU.Build.0 = Release|Any CPU
	EndGlobalSection
	GlobalSection(SolutionProperties) = preSolution
		HideSolutionNode = FALSE
	EndGlobalSection
	GlobalSection(ExtensibilityGlobals) = postSolution
		SolutionGuid = {D53CA551-1EA6-4090-83AB-C328B3B1AC59}
	EndGlobalSection
EndGlobal
