
Microsoft Visual Studio Solution File, Format Version 12.00
# Visual Studio Version 16
VisualStudioVersion = 16.0.30503.244
MinimumVisualStudioVersion = 10.0.40219.1
Project("{9A19103F-16F7-4668-BE54-9A1E7A4F7556}") = "Demo.AzureFunction", "Demo.AzureFunction.csproj", "{0B0B9B53-92D8-4623-A273-D26C85C7C360}"
EndProject
Project("{9A19103F-16F7-4668-BE54-9A1E7A4F7556}") = "PnP.Core", "..\..\src\sdk\PnP.Core\PnP.Core.csproj", "{58616637-9AC1-40A4-9F98-4D0E96167176}"
EndProject
Project("{9A19103F-16F7-4668-BE54-9A1E7A4F7556}") = "PnP.Core.Auth", "..\..\src\sdk\PnP.Core.Auth\PnP.Core.Auth.csproj", "{1F0A3444-829F-4F4B-8B87-EECB2F16A9B2}"
EndProject
Global
	GlobalSection(SolutionConfigurationPlatforms) = preSolution
		Blazor|Any CPU = Blazor|Any CPU
		Debug|Any CPU = Debug|Any CPU
		Release|Any CPU = Release|Any CPU
	EndGlobalSection
	GlobalSection(ProjectConfigurationPlatforms) = postSolution
		{0B0B9B53-92D8-4623-A273-D26C85C7C360}.Blazor|Any CPU.ActiveCfg = Release|Any CPU
		{0B0B9B53-92D8-4623-A273-D26C85C7C360}.Blazor|Any CPU.Build.0 = Release|Any CPU
		{0B0B9B53-92D8-4623-A273-D26C85C7C360}.Debug|Any CPU.ActiveCfg = Debug|Any CPU
		{0B0B9B53-92D8-4623-A273-D26C85C7C360}.Debug|Any CPU.Build.0 = Debug|Any CPU
		{0B0B9B53-92D8-4623-A273-D26C85C7C360}.Release|Any CPU.ActiveCfg = Release|Any CPU
		{0B0B9B53-92D8-4623-A273-D26C85C7C360}.Release|Any CPU.Build.0 = Release|Any CPU
		{58616637-9AC1-40A4-9F98-4D0E96167176}.Blazor|Any CPU.ActiveCfg = Blazor|Any CPU
		{58616637-9AC1-40A4-9F98-4D0E96167176}.Blazor|Any CPU.Build.0 = Blazor|Any CPU
		{58616637-9AC1-40A4-9F98-4D0E96167176}.Debug|Any CPU.ActiveCfg = Debug|Any CPU
		{58616637-9AC1-40A4-9F98-4D0E96167176}.Debug|Any CPU.Build.0 = Debug|Any CPU
		{58616637-9AC1-40A4-9F98-4D0E96167176}.Release|Any CPU.ActiveCfg = Release|Any CPU
		{58616637-9AC1-40A4-9F98-4D0E96167176}.Release|Any CPU.Build.0 = Release|Any CPU
		{1F0A3444-829F-4F4B-8B87-EECB2F16A9B2}.Blazor|Any CPU.ActiveCfg = Release|Any CPU
		{1F0A3444-829F-4F4B-8B87-EECB2F16A9B2}.Blazor|Any CPU.Build.0 = Release|Any CPU
		{1F0A3444-829F-4F4B-8B87-EECB2F16A9B2}.Debug|Any CPU.ActiveCfg = Debug|Any CPU
		{1F0A3444-829F-4F4B-8B87-EECB2F16A9B2}.Debug|Any CPU.Build.0 = Debug|Any CPU
		{1F0A3444-829F-4F4B-8B87-EECB2F16A9B2}.Release|Any CPU.ActiveCfg = Release|Any CPU
		{1F0A3444-829F-4F4B-8B87-EECB2F16A9B2}.Release|Any CPU.Build.0 = Release|Any CPU
	EndGlobalSection
	GlobalSection(SolutionProperties) = preSolution
		HideSolutionNode = FALSE
	EndGlobalSection
	GlobalSection(ExtensibilityGlobals) = postSolution
		SolutionGuid = {831FEB6B-B4F5-4B39-A925-42416C4715E0}
	EndGlobalSection
EndGlobal
