
Microsoft Visual Studio Solution File, Format Version 12.00
# Visual Studio Version 16
VisualStudioVersion = 16.0.30503.244
MinimumVisualStudioVersion = 10.0.40219.1
Project("{9A19103F-16F7-4668-BE54-9A1E7A4F7556}") = "Demo.AzureFunction", "Demo.AzureFunction.csproj", "{0B0B9B53-92D8-4623-A273-D26C85C7C360}"
EndProject
Global
	GlobalSection(SolutionConfigurationPlatforms) = preSolution
		Blazor|Any CPU = Blazor|Any CPU
		Debug|Any CPU = Debug|Any CPU
		Release|Any CPU = Release|Any CPU
	EndGlobalSection
	GlobalSection(ProjectConfigurationPlatforms) = postSolution
		{0B0B9B53-92D8-4623-A273-D26C85C7C360}.Blazor|Any CPU.ActiveCfg = Release|Any CPU
		{0B0B9B53-92D8-4623-A273-D26C85C7C360}.Blazor|Any CPU.Build.0 = Release|Any CPU
		{0B0B9B53-92D8-4623-A273-D26C85C7C360}.Debug|Any CPU.ActiveCfg = Debug|Any CPU
		{0B0B9B53-92D8-4623-A273-D26C85C7C360}.Debug|Any CPU.Build.0 = Debug|Any CPU
		{0B0B9B53-92D8-4623-A273-D26C85C7C360}.Release|Any CPU.ActiveCfg = Release|Any CPU
		{0B0B9B53-92D8-4623-A273-D26C85C7C360}.Release|Any CPU.Build.0 = Release|Any CPU
	EndGlobalSection
	GlobalSection(SolutionProperties) = preSolution
		HideSolutionNode = FALSE
	EndGlobalSection
	GlobalSection(ExtensibilityGlobals) = postSolution
		SolutionGuid = {831FEB6B-B4F5-4B39-A925-42416C4715E0}
	EndGlobalSection
EndGlobal
