
Microsoft Visual Studio Solution File, Format Version 12.00
# Visual Studio Version 16
VisualStudioVersion = 16.0.30907.101
MinimumVisualStudioVersion = 10.0.40219.1
Project("{9A19103F-16F7-4668-BE54-9A1E7A4F7556}") = "PnP.Core.Transformation.Poc", "PnP.Core.Transformation.Poc.csproj", "{F3C932FB-FBAD-4352-867A-6D60942FF932}"
EndProject
Global
	GlobalSection(SolutionConfigurationPlatforms) = preSolution
		Debug|Any CPU = Debug|Any CPU
		Release|Any CPU = Release|Any CPU
	EndGlobalSection
	GlobalSection(ProjectConfigurationPlatforms) = postSolution
		{F3C932FB-FBAD-4352-867A-6D60942FF932}.Debug|Any CPU.ActiveCfg = Debug|Any CPU
		{F3C932FB-FBAD-4352-867A-6D60942FF932}.Debug|Any CPU.Build.0 = Debug|Any CPU
		{F3C932FB-FBAD-4352-867A-6D60942FF932}.Release|Any CPU.ActiveCfg = Release|Any CPU
		{F3C932FB-FBAD-4352-867A-6D60942FF932}.Release|Any CPU.Build.0 = Release|Any CPU
	EndGlobalSection
	GlobalSection(SolutionProperties) = preSolution
		HideSolutionNode = FALSE
	EndGlobalSection
	GlobalSection(ExtensibilityGlobals) = postSolution
		SolutionGuid = {7113DFC3-70C4-4216-8DE0-A7BBEE1B509D}
	EndGlobalSection
EndGlobal
