
Microsoft Visual Studio Solution File, Format Version 12.00
# Visual Studio Version 17
VisualStudioVersion = 17.9.34310.174
MinimumVisualStudioVersion = 10.0.40219.1
Project("{9A19103F-16F7-4668-BE54-9A1E7A4F7556}") = "PnP.Core", "PnP.Core\PnP.Core.csproj", "{FF86E59F-A4CB-4DBA-9681-BB6FB2FF7596}"
EndProject
Project("{9A19103F-16F7-4668-BE54-9A1E7A4F7556}") = "PnP.Core.Test", "PnP.Core.Test\PnP.Core.Test.csproj", "{5FE55D6E-AFC4-4B8A-A5F7-E88EF2C92912}"
EndProject
Project("{2150E333-8FDC-42A3-9474-1A3956D46DE8}") = "Solution Items", "Solution Items", "{1B25A028-DA70-4169-A04C-7A501D2B7976}"
	ProjectSection(SolutionItems) = preProject
		.editorconfig = .editorconfig
		CHANGELOG.md = CHANGELOG.md
		Directory.Build.props = Directory.Build.props
	EndProjectSection
EndProject
Project("{9A19103F-16F7-4668-BE54-9A1E7A4F7556}") = "PnP.Core.Auth", "PnP.Core.Auth\PnP.Core.Auth.csproj", "{3309B9C6-8407-4697-A534-5242B4504FD8}"
EndProject
Project("{9A19103F-16F7-4668-BE54-9A1E7A4F7556}") = "PnP.Core.Auth.Test", "PnP.Core.Auth.Test\PnP.Core.Auth.Test.csproj", "{D11B7FF5-DE02-4DAA-A634-62B9D6C684F8}"
EndProject
Project("{9A19103F-16F7-4668-BE54-9A1E7A4F7556}") = "PnP.Core.Transformation", "PnP.Core.Transformation\PnP.Core.Transformation.csproj", "{F9C46372-AD8A-4D71-BA10-839DCF5B94C9}"
EndProject
Project("{9A19103F-16F7-4668-BE54-9A1E7A4F7556}") = "PnP.Core.Transformation.Test", "PnP.Core.Transformation.Test\PnP.Core.Transformation.Test.csproj", "{5F617F14-4968-4E02-8481-4A97452108C9}"
EndProject
Project("{9A19103F-16F7-4668-BE54-9A1E7A4F7556}") = "PnP.Core.Transformation.SharePoint", "PnP.Core.Transformation.SharePoint\PnP.Core.Transformation.SharePoint.csproj", "{51098E4D-FDBE-47F5-BA81-7B39982D1E1D}"
EndProject
Project("{9A19103F-16F7-4668-BE54-9A1E7A4F7556}") = "PnP.Core.Transformation.SharePoint.Test", "PnP.Core.Transformation.SharePoint.Test\PnP.Core.Transformation.SharePoint.Test.csproj", "{3B14330E-F306-421F-A971-E166EFC4A292}"
EndProject
Project("{9A19103F-16F7-4668-BE54-9A1E7A4F7556}") = "PnP.Core.Admin", "PnP.Core.Admin\PnP.Core.Admin.csproj", "{EB0CA4A2-BB67-44B0-BB1E-8D7DAFCB5BC2}"
EndProject
Project("{9A19103F-16F7-4668-BE54-9A1E7A4F7556}") = "PnP.Core.Admin.Test", "PnP.Core.Admin.Test\PnP.Core.Admin.Test.csproj", "{8806BABA-C6CC-495C-AA33-B9A56E213572}"
EndProject
Project("{9A19103F-16F7-4668-BE54-9A1E7A4F7556}") = "PnP.Core.Test.Common", "PnP.Core.Test.Common\PnP.Core.Test.Common.csproj", "{A973BF05-1883-49AE-BA39-8CB837C5476F}"
EndProject
Project("{9A19103F-16F7-4668-BE54-9A1E7A4F7556}") = "PnP.Core.Perf", "PnP.Core.Perf\PnP.Core.Perf.csproj", "{DD5D5A88-A185-41A1-B73F-5D8481673CD6}"
EndProject
Global
	GlobalSection(SolutionConfigurationPlatforms) = preSolution
		Debug|Any CPU = Debug|Any CPU
		Release|Any CPU = Release|Any CPU
	EndGlobalSection
	GlobalSection(ProjectConfigurationPlatforms) = postSolution
		{FF86E59F-A4CB-4DBA-9681-BB6FB2FF7596}.Debug|Any CPU.ActiveCfg = Debug|Any CPU
		{FF86E59F-A4CB-4DBA-9681-BB6FB2FF7596}.Debug|Any CPU.Build.0 = Debug|Any CPU
		{FF86E59F-A4CB-4DBA-9681-BB6FB2FF7596}.Release|Any CPU.ActiveCfg = Release|Any CPU
		{FF86E59F-A4CB-4DBA-9681-BB6FB2FF7596}.Release|Any CPU.Build.0 = Release|Any CPU
		{5FE55D6E-AFC4-4B8A-A5F7-E88EF2C92912}.Debug|Any CPU.ActiveCfg = Debug|Any CPU
		{5FE55D6E-AFC4-4B8A-A5F7-E88EF2C92912}.Debug|Any CPU.Build.0 = Debug|Any CPU
		{5FE55D6E-AFC4-4B8A-A5F7-E88EF2C92912}.Release|Any CPU.ActiveCfg = Release|Any CPU
		{5FE55D6E-AFC4-4B8A-A5F7-E88EF2C92912}.Release|Any CPU.Build.0 = Release|Any CPU
		{3309B9C6-8407-4697-A534-5242B4504FD8}.Debug|Any CPU.ActiveCfg = Debug|Any CPU
		{3309B9C6-8407-4697-A534-5242B4504FD8}.Debug|Any CPU.Build.0 = Debug|Any CPU
		{3309B9C6-8407-4697-A534-5242B4504FD8}.Release|Any CPU.ActiveCfg = Release|Any CPU
		{3309B9C6-8407-4697-A534-5242B4504FD8}.Release|Any CPU.Build.0 = Release|Any CPU
		{D11B7FF5-DE02-4DAA-A634-62B9D6C684F8}.Debug|Any CPU.ActiveCfg = Debug|Any CPU
		{D11B7FF5-DE02-4DAA-A634-62B9D6C684F8}.Debug|Any CPU.Build.0 = Debug|Any CPU
		{D11B7FF5-DE02-4DAA-A634-62B9D6C684F8}.Release|Any CPU.ActiveCfg = Release|Any CPU
		{D11B7FF5-DE02-4DAA-A634-62B9D6C684F8}.Release|Any CPU.Build.0 = Release|Any CPU
		{F9C46372-AD8A-4D71-BA10-839DCF5B94C9}.Debug|Any CPU.ActiveCfg = Debug|Any CPU
		{F9C46372-AD8A-4D71-BA10-839DCF5B94C9}.Debug|Any CPU.Build.0 = Debug|Any CPU
		{F9C46372-AD8A-4D71-BA10-839DCF5B94C9}.Release|Any CPU.ActiveCfg = Release|Any CPU
		{F9C46372-AD8A-4D71-BA10-839DCF5B94C9}.Release|Any CPU.Build.0 = Release|Any CPU
		{5F617F14-4968-4E02-8481-4A97452108C9}.Debug|Any CPU.ActiveCfg = Debug|Any CPU
		{5F617F14-4968-4E02-8481-4A97452108C9}.Debug|Any CPU.Build.0 = Debug|Any CPU
		{5F617F14-4968-4E02-8481-4A97452108C9}.Release|Any CPU.ActiveCfg = Release|Any CPU
		{5F617F14-4968-4E02-8481-4A97452108C9}.Release|Any CPU.Build.0 = Release|Any CPU
		{51098E4D-FDBE-47F5-BA81-7B39982D1E1D}.Debug|Any CPU.ActiveCfg = Debug|Any CPU
		{51098E4D-FDBE-47F5-BA81-7B39982D1E1D}.Debug|Any CPU.Build.0 = Debug|Any CPU
		{51098E4D-FDBE-47F5-BA81-7B39982D1E1D}.Release|Any CPU.ActiveCfg = Release|Any CPU
		{51098E4D-FDBE-47F5-BA81-7B39982D1E1D}.Release|Any CPU.Build.0 = Release|Any CPU
		{3B14330E-F306-421F-A971-E166EFC4A292}.Debug|Any CPU.ActiveCfg = Debug|Any CPU
		{3B14330E-F306-421F-A971-E166EFC4A292}.Debug|Any CPU.Build.0 = Debug|Any CPU
		{3B14330E-F306-421F-A971-E166EFC4A292}.Release|Any CPU.ActiveCfg = Release|Any CPU
		{3B14330E-F306-421F-A971-E166EFC4A292}.Release|Any CPU.Build.0 = Release|Any CPU
		{EB0CA4A2-BB67-44B0-BB1E-8D7DAFCB5BC2}.Debug|Any CPU.ActiveCfg = Debug|Any CPU
		{EB0CA4A2-BB67-44B0-BB1E-8D7DAFCB5BC2}.Debug|Any CPU.Build.0 = Debug|Any CPU
		{EB0CA4A2-BB67-44B0-BB1E-8D7DAFCB5BC2}.Release|Any CPU.ActiveCfg = Release|Any CPU
		{EB0CA4A2-BB67-44B0-BB1E-8D7DAFCB5BC2}.Release|Any CPU.Build.0 = Release|Any CPU
		{8806BABA-C6CC-495C-AA33-B9A56E213572}.Debug|Any CPU.ActiveCfg = Debug|Any CPU
		{8806BABA-C6CC-495C-AA33-B9A56E213572}.Debug|Any CPU.Build.0 = Debug|Any CPU
		{8806BABA-C6CC-495C-AA33-B9A56E213572}.Release|Any CPU.ActiveCfg = Release|Any CPU
		{8806BABA-C6CC-495C-AA33-B9A56E213572}.Release|Any CPU.Build.0 = Release|Any CPU
		{A973BF05-1883-49AE-BA39-8CB837C5476F}.Debug|Any CPU.ActiveCfg = Debug|Any CPU
		{A973BF05-1883-49AE-BA39-8CB837C5476F}.Debug|Any CPU.Build.0 = Debug|Any CPU
		{A973BF05-1883-49AE-BA39-8CB837C5476F}.Release|Any CPU.ActiveCfg = Release|Any CPU
		{A973BF05-1883-49AE-BA39-8CB837C5476F}.Release|Any CPU.Build.0 = Release|Any CPU
		{DD5D5A88-A185-41A1-B73F-5D8481673CD6}.Debug|Any CPU.ActiveCfg = Debug|Any CPU
		{DD5D5A88-A185-41A1-B73F-5D8481673CD6}.Debug|Any CPU.Build.0 = Debug|Any CPU
		{DD5D5A88-A185-41A1-B73F-5D8481673CD6}.Release|Any CPU.ActiveCfg = Release|Any CPU
		{DD5D5A88-A185-41A1-B73F-5D8481673CD6}.Release|Any CPU.Build.0 = Release|Any CPU
	EndGlobalSection
	GlobalSection(SolutionProperties) = preSolution
		HideSolutionNode = FALSE
	EndGlobalSection
	GlobalSection(ExtensibilityGlobals) = postSolution
		SolutionGuid = {50E8DD7C-6A2E-4C10-8E62-CD72A603343A}
	EndGlobalSection
EndGlobal
