
Microsoft Visual Studio Solution File, Format Version 12.00
# Visual Studio Version 16
VisualStudioVersion = 16.0.30204.135
MinimumVisualStudioVersion = 10.0.40219.1
Project("{9A19103F-16F7-4668-BE54-9A1E7A4F7556}") = "Demo.Blazor", "Demo.Blazor.csproj", "{2ABB4651-BC45-41EB-B143-5AFFCAB1480A}"
EndProject
Project("{9A19103F-16F7-4668-BE54-9A1E7A4F7556}") = "PnP.Core", "..\..\sdk\PnP.Core\PnP.Core.csproj", "{0CE6341A-C1C7-4136-8CCE-7E6A5CB63BFF}"
EndProject
Global
	GlobalSection(SolutionConfigurationPlatforms) = preSolution
		Blazor|Any CPU = Blazor|Any CPU
		Debug|Any CPU = Debug|Any CPU
		Release|Any CPU = Release|Any CPU
	EndGlobalSection
	GlobalSection(ProjectConfigurationPlatforms) = postSolution
		{2ABB4651-BC45-41EB-B143-5AFFCAB1480A}.Blazor|Any CPU.ActiveCfg = Debug|Any CPU
		{2ABB4651-BC45-41EB-B143-5AFFCAB1480A}.Blazor|Any CPU.Build.0 = Debug|Any CPU
		{2ABB4651-BC45-41EB-B143-5AFFCAB1480A}.Debug|Any CPU.ActiveCfg = Debug|Any CPU
		{2ABB4651-BC45-41EB-B143-5AFFCAB1480A}.Debug|Any CPU.Build.0 = Debug|Any CPU
		{2ABB4651-BC45-41EB-B143-5AFFCAB1480A}.Release|Any CPU.ActiveCfg = Release|Any CPU
		{2ABB4651-BC45-41EB-B143-5AFFCAB1480A}.Release|Any CPU.Build.0 = Release|Any CPU
		{0CE6341A-C1C7-4136-8CCE-7E6A5CB63BFF}.Blazor|Any CPU.ActiveCfg = Blazor|Any CPU
		{0CE6341A-C1C7-4136-8CCE-7E6A5CB63BFF}.Blazor|Any CPU.Build.0 = Blazor|Any CPU
		{0CE6341A-C1C7-4136-8CCE-7E6A5CB63BFF}.Debug|Any CPU.ActiveCfg = Blazor|Any CPU
		{0CE6341A-C1C7-4136-8CCE-7E6A5CB63BFF}.Debug|Any CPU.Build.0 = Blazor|Any CPU
		{0CE6341A-C1C7-4136-8CCE-7E6A5CB63BFF}.Release|Any CPU.ActiveCfg = Release|Any CPU
		{0CE6341A-C1C7-4136-8CCE-7E6A5CB63BFF}.Release|Any CPU.Build.0 = Release|Any CPU
	EndGlobalSection
	GlobalSection(SolutionProperties) = preSolution
		HideSolutionNode = FALSE
	EndGlobalSection
	GlobalSection(ExtensibilityGlobals) = postSolution
		SolutionGuid = {9F4F3678-A77F-454D-8DC9-0BB14015BD26}
	EndGlobalSection
EndGlobal
