Microsoft Visual Studio Solution File, Format Version 12.00
# Visual Studio Version 17
VisualStudioVersion = 17.5.2.0
MinimumVisualStudioVersion = 10.0.40219.1
Project("{FAE04EC0-301F-11D3-BF4B-00C04F79EFBC}") = "PnP.Core", "PnP.Core.csproj", "{EAB76B56-225D-D1FF-3DAF-6B282D6DC131}"
EndProject
Global
	GlobalSection(SolutionConfigurationPlatforms) = preSolution
		Debug|Any CPU = Debug|Any CPU
		Release|Any CPU = Release|Any CPU
	EndGlobalSection
	GlobalSection(ProjectConfigurationPlatforms) = postSolution
		{EAB76B56-225D-D1FF-3DAF-6B282D6DC131}.Debug|Any CPU.ActiveCfg = Debug|Any CPU
		{EAB76B56-225D-D1FF-3DAF-6B282D6DC131}.Debug|Any CPU.Build.0 = Debug|Any CPU
		{EAB76B56-225D-D1FF-3DAF-6B282D6DC131}.Release|Any CPU.ActiveCfg = Release|Any CPU
		{EAB76B56-225D-D1FF-3DAF-6B282D6DC131}.Release|Any CPU.Build.0 = Release|Any CPU
	EndGlobalSection
	GlobalSection(SolutionProperties) = preSolution
		HideSolutionNode = FALSE
	EndGlobalSection
	GlobalSection(ExtensibilityGlobals) = postSolution
		SolutionGuid = {919DDC49-31E5-4F5E-947B-10E0A8C124DD}
	EndGlobalSection
EndGlobal
